
Microsoft Visual Studio Solution File, Format Version 12.00
# Visual Studio Version 17
VisualStudioVersion = 17.14.36414.22 d17.14
MinimumVisualStudioVersion = 10.0.40219.1
Project("{FAE04EC0-301F-11D3-BF4B-00C04F79EFBC}") = "DataTypes", "DataTypes\DataTypes.csproj", "{205EC78E-E292-4E1E-B9E6-CC3505551C8B}"
EndProject
Global
	GlobalSection(SolutionConfigurationPlatforms) = preSolution
		Debug|Any CPU = Debug|Any CPU
		Release|Any CPU = Release|Any CPU
	EndGlobalSection
	GlobalSection(ProjectConfigurationPlatforms) = postSolution
		{205EC78E-E292-4E1E-B9E6-CC3505551C8B}.Debug|Any CPU.ActiveCfg = Debug|Any CPU
		{205EC78E-E292-4E1E-B9E6-CC3505551C8B}.Debug|Any CPU.Build.0 = Debug|Any CPU
		{205EC78E-E292-4E1E-B9E6-CC3505551C8B}.Release|Any CPU.ActiveCfg = Release|Any CPU
		{205EC78E-E292-4E1E-B9E6-CC3505551C8B}.Release|Any CPU.Build.0 = Release|Any CPU
	EndGlobalSection
	GlobalSection(SolutionProperties) = preSolution
		HideSolutionNode = FALSE
	EndGlobalSection
	GlobalSection(ExtensibilityGlobals) = postSolution
		SolutionGuid = {77672666-7BF0-49F9-AD0F-6BF381ED7A0A}
	EndGlobalSection
EndGlobal
